
Microsoft Visual Studio Solution File, Format Version 12.00
# Visual Studio Version 17
VisualStudioVersion = 17.1.32228.430
MinimumVisualStudioVersion = 10.0.40219.1
Project("{FAE04EC0-301F-11D3-BF4B-00C04F79EFBC}") = "C1M1S4-13", "C1M1S4-13\C1M1S4-13.csproj", "{475CA18A-DDF2-49ED-B27E-6D851F275306}"
EndProject
Global
	GlobalSection(SolutionConfigurationPlatforms) = preSolution
		Debug|Any CPU = Debug|Any CPU
		Release|Any CPU = Release|Any CPU
	EndGlobalSection
	GlobalSection(ProjectConfigurationPlatforms) = postSolution
		{475CA18A-DDF2-49ED-B27E-6D851F275306}.Debug|Any CPU.ActiveCfg = Debug|Any CPU
		{475CA18A-DDF2-49ED-B27E-6D851F275306}.Debug|Any CPU.Build.0 = Debug|Any CPU
		{475CA18A-DDF2-49ED-B27E-6D851F275306}.Release|Any CPU.ActiveCfg = Release|Any CPU
		{475CA18A-DDF2-49ED-B27E-6D851F275306}.Release|Any CPU.Build.0 = Release|Any CPU
	EndGlobalSection
	GlobalSection(SolutionProperties) = preSolution
		HideSolutionNode = FALSE
	EndGlobalSection
	GlobalSection(ExtensibilityGlobals) = postSolution
		SolutionGuid = {6CFA044D-7D94-47A9-89B2-6A69ACDAE65F}
	EndGlobalSection
EndGlobal
