
Microsoft Visual Studio Solution File, Format Version 12.00
# Visual Studio Version 17
VisualStudioVersion = 17.1.32228.430
MinimumVisualStudioVersion = 10.0.40219.1
Project("{FAE04EC0-301F-11D3-BF4B-00C04F79EFBC}") = "C1M1S4-5", "C1M1S4-5\C1M1S4-5.csproj", "{5626D560-DD0F-433F-9D16-800291523617}"
EndProject
Global
	GlobalSection(SolutionConfigurationPlatforms) = preSolution
		Debug|Any CPU = Debug|Any CPU
		Release|Any CPU = Release|Any CPU
	EndGlobalSection
	GlobalSection(ProjectConfigurationPlatforms) = postSolution
		{5626D560-DD0F-433F-9D16-800291523617}.Debug|Any CPU.ActiveCfg = Debug|Any CPU
		{5626D560-DD0F-433F-9D16-800291523617}.Debug|Any CPU.Build.0 = Debug|Any CPU
		{5626D560-DD0F-433F-9D16-800291523617}.Release|Any CPU.ActiveCfg = Release|Any CPU
		{5626D560-DD0F-433F-9D16-800291523617}.Release|Any CPU.Build.0 = Release|Any CPU
	EndGlobalSection
	GlobalSection(SolutionProperties) = preSolution
		HideSolutionNode = FALSE
	EndGlobalSection
	GlobalSection(ExtensibilityGlobals) = postSolution
		SolutionGuid = {73EA91F3-459E-4CE2-91B9-D9D85F90A222}
	EndGlobalSection
EndGlobal
